{
  "name": "@crrntly/eslint-config-react-app",
  "version": "1.0.0",
  "lockfileVersion": 1,
  "requires": true,
  "dependencies": {
    "confusing-browser-globals": {
      "version": "1.0.5",
      "resolved": "https://registry.npmjs.org/confusing-browser-globals/-/confusing-browser-globals-1.0.5.tgz",
      "integrity": "sha512-tHo1tQL/9Ox5RELbkCAJhnViqWlzBz3MG1bB2czbHjH2mWd4aYUgNCNLfysFL7c4LoDws7pjg2tj48Gmpw4QHA=="
    }
  }
}
